{
  "originHash" : "b5c5be2b481ae6185776f2742aff4c46a9bbac45f301c6bec25135d42066c9ac",
  "pins" : [
    {
      "identity" : "loggingtime",
      "kind" : "remoteSourceControl",
      "location" : "https://github.com/MeAndRaw-E/LoggingTime",
      "state" : {
        "branch" : "master",
        "revision" : "eb60c7ce9c7f65a20d93badbd088111c53839329"
      }
    },
    {
      "identity" : "swifter",
      "kind" : "remoteSourceControl",
      "location" : "https://github.com/MeAndRaw-E/Swifter",
      "state" : {
        "branch" : "master",
        "revision" : "f2068996c10c564350c102ab02bfa7c374b05667"
      }
    }
  ],
  "version" : 3
}
